// !$*UTF8*$!
{
	archiveVersion = 1;
	classes = {
	};
	objectVersion = 50;
	objects = {

/* Begin PBXBuildFile section */
		1C18748525D473840073D9D9 /* AppDelegate.swift in Sources */ = {isa = PBXBuildFile; fileRef = 1C18748425D473840073D9D9 /* AppDelegate.swift */; };
		1C18748725D473840073D9D9 /* SceneDelegate.swift in Sources */ = {isa = PBXBuildFile; fileRef = 1C18748625D473840073D9D9 /* SceneDelegate.swift */; };
		1C18748925D473840073D9D9 /* IntroductionViewController.swift in Sources */ = {isa = PBXBuildFile; fileRef = 1C18748825D473840073D9D9 /* IntroductionViewController.swift */; };
		1C18748C25D473840073D9D9 /* Main.storyboard in Resources */ = {isa = PBXBuildFile; fileRef = 1C18748A25D473840073D9D9 /* Main.storyboard */; };
		1C18748E25D473850073D9D9 /* Assets.xcassets in Resources */ = {isa = PBXBuildFile; fileRef = 1C18748D25D473850073D9D9 /* Assets.xcassets */; };
		1C18749125D473850073D9D9 /* LaunchScreen.storyboard in Resources */ = {isa = PBXBuildFile; fileRef = 1C18748F25D473850073D9D9 /* LaunchScreen.storyboard */; };
		1C18749C25D475510073D9D9 /* QuestionsViewController.swift in Sources */ = {isa = PBXBuildFile; fileRef = 1C18749B25D475510073D9D9 /* QuestionsViewController.swift */; };
		1C18749F25D475930073D9D9 /* ResultsViewController.swift in Sources */ = {isa = PBXBuildFile; fileRef = 1C18749E25D475930073D9D9 /* ResultsViewController.swift */; };
		1C1874A225D475EB0073D9D9 /* Question.swift in Sources */ = {isa = PBXBuildFile; fileRef = 1C1874A125D475EB0073D9D9 /* Question.swift */; };
		1C1874A525D476D40073D9D9 /* Answer.swift in Sources */ = {isa = PBXBuildFile; fileRef = 1C1874A425D476D40073D9D9 /* Answer.swift */; };
/* End PBXBuildFile section */

/* Begin PBXFileReference section */
		1C18748125D473840073D9D9 /* PersonalityQuiz.app */ = {isa = PBXFileReference; explicitFileType = wrapper.application; includeInIndex = 0; path = PersonalityQuiz.app; sourceTree = BUILT_PRODUCTS_DIR; };
		1C18748425D473840073D9D9 /* AppDelegate.swift */ = {isa = PBXFileReference; lastKnownFileType = sourcecode.swift; path = AppDelegate.swift; sourceTree = "<group>"; };
		1C18748625D473840073D9D9 /* SceneDelegate.swift */ = {isa = PBXFileReference; lastKnownFileType = sourcecode.swift; path = SceneDelegate.swift; sourceTree = "<group>"; };
		1C18748825D473840073D9D9 /* IntroductionViewController.swift */ = {isa = PBXFileReference; lastKnownFileType = sourcecode.swift; path = IntroductionViewController.swift; sourceTree = "<group>"; };
		1C18748B25D473840073D9D9 /* Base */ = {isa = PBXFileReference; lastKnownFileType = file.storyboard; name = Base; path = Base.lproj/Main.storyboard; sourceTree = "<group>"; };
		1C18748D25D473850073D9D9 /* Assets.xcassets */ = {isa = PBXFileReference; lastKnownFileType = folder.assetcatalog; path = Assets.xcassets; sourceTree = "<group>"; };
		1C18749025D473850073D9D9 /* Base */ = {isa = PBXFileReference; lastKnownFileType = file.storyboard; name = Base; path = Base.lproj/LaunchScreen.storyboard; sourceTree = "<group>"; };
		1C18749225D473850073D9D9 /* Info.plist */ = {isa = PBXFileReference; lastKnownFileType = text.plist.xml; path = Info.plist; sourceTree = "<group>"; };
		1C18749B25D475510073D9D9 /* QuestionsViewController.swift */ = {isa = PBXFileReference; lastKnownFileType = sourcecode.swift; path = QuestionsViewController.swift; sourceTree = "<group>"; };
		1C18749E25D475930073D9D9 /* ResultsViewController.swift */ = {isa = PBXFileReference; lastKnownFileType = sourcecode.swift; path = ResultsViewController.swift; sourceTree = "<group>"; };
		1C1874A125D475EB0073D9D9 /* Question.swift */ = {isa = PBXFileReference; lastKnownFileType = sourcecode.swift; path = Question.swift; sourceTree = "<group>"; };
		1C1874A425D476D40073D9D9 /* Answer.swift */ = {isa = PBXFileReference; lastKnownFileType = sourcecode.swift; path = Answer.swift; sourceTree = "<group>"; };
/* End PBXFileReference section */

/* Begin PBXFrameworksBuildPhase section */
		1C18747E25D473840073D9D9 /* Frameworks */ = {
			isa = PBXFrameworksBuildPhase;
			buildActionMask = 2147483647;
			files = (
			);
			runOnlyForDeploymentPostprocessing = 0;
		};
/* End PBXFrameworksBuildPhase section */

/* Begin PBXGroup section */
		1C18747825D473840073D9D9 = {
			isa = PBXGroup;
			children = (
				1C18748325D473840073D9D9 /* PersonalityQuiz */,
				1C18748225D473840073D9D9 /* Products */,
			);
			sourceTree = "<group>";
		};
		1C18748225D473840073D9D9 /* Products */ = {
			isa = PBXGroup;
			children = (
				1C18748125D473840073D9D9 /* PersonalityQuiz.app */,
			);
			name = Products;
			sourceTree = "<group>";
		};
		1C18748325D473840073D9D9 /* PersonalityQuiz */ = {
			isa = PBXGroup;
			children = (
				1C1874A725D477120073D9D9 /* DelegateFiles */,
				1C1874A925D477340073D9D9 /* ViewControllers */,
				1C1874AB25D4774C0073D9D9 /* Models */,
				1C1874AD25D477620073D9D9 /* Storyboards */,
				1C18748D25D473850073D9D9 /* Assets.xcassets */,
				1C18749225D473850073D9D9 /* Info.plist */,
			);
			path = PersonalityQuiz;
			sourceTree = "<group>";
		};
		1C1874A725D477120073D9D9 /* DelegateFiles */ = {
			isa = PBXGroup;
			children = (
				1C18748425D473840073D9D9 /* AppDelegate.swift */,
				1C18748625D473840073D9D9 /* SceneDelegate.swift */,
			);
			path = DelegateFiles;
			sourceTree = "<group>";
		};
		1C1874A925D477340073D9D9 /* ViewControllers */ = {
			isa = PBXGroup;
			children = (
				1C18748825D473840073D9D9 /* IntroductionViewController.swift */,
				1C18749B25D475510073D9D9 /* QuestionsViewController.swift */,
				1C18749E25D475930073D9D9 /* ResultsViewController.swift */,
			);
			path = ViewControllers;
			sourceTree = "<group>";
		};
		1C1874AB25D4774C0073D9D9 /* Models */ = {
			isa = PBXGroup;
			children = (
				1C1874A125D475EB0073D9D9 /* Question.swift */,
				1C1874A425D476D40073D9D9 /* Answer.swift */,
			);
			path = Models;
			sourceTree = "<group>";
		};
		1C1874AD25D477620073D9D9 /* Storyboards */ = {
			isa = PBXGroup;
			children = (
				1C18748A25D473840073D9D9 /* Main.storyboard */,
				1C18748F25D473850073D9D9 /* LaunchScreen.storyboard */,
			);
			path = Storyboards;
			sourceTree = "<group>";
		};
/* End PBXGroup section */

/* Begin PBXNativeTarget section */
		1C18748025D473840073D9D9 /* PersonalityQuiz */ = {
			isa = PBXNativeTarget;
			buildConfigurationList = 1C18749525D473850073D9D9 /* Build configuration list for PBXNativeTarget "PersonalityQuiz" */;
			buildPhases = (
				1C18747D25D473840073D9D9 /* Sources */,
				1C18747E25D473840073D9D9 /* Frameworks */,
				1C18747F25D473840073D9D9 /* Resources */,
			);
			buildRules = (
			);
			dependencies = (
			);
			name = PersonalityQuiz;
			productName = PersonalityQuiz;
			productReference = 1C18748125D473840073D9D9 /* PersonalityQuiz.app */;
			productType = "com.apple.product-type.application";
		};
/* End PBXNativeTarget section */

/* Begin PBXProject section */
		1C18747925D473840073D9D9 /* Project object */ = {
			isa = PBXProject;
			attributes = {
				LastSwiftUpdateCheck = 1230;
				LastUpgradeCheck = 1230;
				TargetAttributes = {
					1C18748025D473840073D9D9 = {
						CreatedOnToolsVersion = 12.3;
					};
				};
			};
			buildConfigurationList = 1C18747C25D473840073D9D9 /* Build configuration list for PBXProject "PersonalityQuiz" */;
			compatibilityVersion = "Xcode 9.3";
			developmentRegion = en;
			hasScannedForEncodings = 0;
			knownRegions = (
				en,
				Base,
			);
			mainGroup = 1C18747825D473840073D9D9;
			productRefGroup = 1C18748225D473840073D9D9 /* Products */;
			projectDirPath = "";
			projectRoot = "";
			targets = (
				1C18748025D473840073D9D9 /* PersonalityQuiz */,
			);
		};
/* End PBXProject section */

/* Begin PBXResourcesBuildPhase section */
		1C18747F25D473840073D9D9 /* Resources */ = {
			isa = PBXResourcesBuildPhase;
			buildActionMask = 2147483647;
			files = (
				1C18749125D473850073D9D9 /* LaunchScreen.storyboard in Resources */,
				1C18748E25D473850073D9D9 /* Assets.xcassets in Resources */,
				1C18748C25D473840073D9D9 /* Main.storyboard in Resources */,
			);
			runOnlyForDeploymentPostprocessing = 0;
		};
/* End PBXResourcesBuildPhase section */

/* Begin PBXSourcesBuildPhase section */
		1C18747D25D473840073D9D9 /* Sources */ = {
			isa = PBXSourcesBuildPhase;
			buildActionMask = 2147483647;
			files = (
				1C18748925D473840073D9D9 /* IntroductionViewController.swift in Sources */,
				1C18748525D473840073D9D9 /* AppDelegate.swift in Sources */,
				1C18749C25D475510073D9D9 /* QuestionsViewController.swift in Sources */,
				1C1874A525D476D40073D9D9 /* Answer.swift in Sources */,
				1C1874A225D475EB0073D9D9 /* Question.swift in Sources */,
				1C18749F25D475930073D9D9 /* ResultsViewController.swift in Sources */,
				1C18748725D473840073D9D9 /* SceneDelegate.swift in Sources */,
			);
			runOnlyForDeploymentPostprocessing = 0;
		};
/* End PBXSourcesBuildPhase section */

/* Begin PBXVariantGroup section */
		1C18748A25D473840073D9D9 /* Main.storyboard */ = {
			isa = PBXVariantGroup;
			children = (
				1C18748B25D473840073D9D9 /* Base */,
			);
			name = Main.storyboard;
			sourceTree = "<group>";
		};
		1C18748F25D473850073D9D9 /* LaunchScreen.storyboard */ = {
			isa = PBXVariantGroup;
			children = (
				1C18749025D473850073D9D9 /* Base */,
			);
			name = LaunchScreen.storyboard;
			sourceTree = "<group>";
		};
/* End PBXVariantGroup section */

/* Begin XCBuildConfiguration section */
		1C18749325D473850073D9D9 /* Debug */ = {
			isa = XCBuildConfiguration;
			buildSettings = {
				ALWAYS_SEARCH_USER_PATHS = NO;
				CLANG_ANALYZER_NONNULL = YES;
				CLANG_ANALYZER_NUMBER_OBJECT_CONVERSION = YES_AGGRESSIVE;
				CLANG_CXX_LANGUAGE_STANDARD = "gnu++14";
				CLANG_CXX_LIBRARY = "libc++";
				CLANG_ENABLE_MODULES = YES;
				CLANG_ENABLE_OBJC_ARC = YES;
				CLANG_ENABLE_OBJC_WEAK = YES;
				CLANG_WARN_BLOCK_CAPTURE_AUTORELEASING = YES;
				CLANG_WARN_BOOL_CONVERSION = YES;
				CLANG_WARN_COMMA = YES;
				CLANG_WARN_CONSTANT_CONVERSION = YES;
				CLANG_WARN_DEPRECATED_OBJC_IMPLEMENTATIONS = YES;
				CLANG_WARN_DIRECT_OBJC_ISA_USAGE = YES_ERROR;
				CLANG_WARN_DOCUMENTATION_COMMENTS = YES;
				CLANG_WARN_EMPTY_BODY = YES;
				CLANG_WARN_ENUM_CONVERSION = YES;
				CLANG_WARN_INFINITE_RECURSION = YES;
				CLANG_WARN_INT_CONVERSION = YES;
				CLANG_WARN_NON_LITERAL_NULL_CONVERSION = YES;
				CLANG_WARN_OBJC_IMPLICIT_RETAIN_SELF = YES;
				CLANG_WARN_OBJC_LITERAL_CONVERSION = YES;
				CLANG_WARN_OBJC_ROOT_CLASS = YES_ERROR;
				CLANG_WARN_QUOTED_INCLUDE_IN_FRAMEWORK_HEADER = YES;
				CLANG_WARN_RANGE_LOOP_ANALYSIS = YES;
				CLANG_WARN_STRICT_PROTOTYPES = YES;
				CLANG_WARN_SUSPICIOUS_MOVE = YES;
				CLANG_WARN_UNGUARDED_AVAILABILITY = YES_AGGRESSIVE;
				CLANG_WARN_UNREACHABLE_CODE = YES;
				CLANG_WARN__DUPLICATE_METHOD_MATCH = YES;
				COPY_PHASE_STRIP = NO;
				DEBUG_INFORMATION_FORMAT = dwarf;
				ENABLE_STRICT_OBJC_MSGSEND = YES;
				ENABLE_TESTABILITY = YES;
				GCC_C_LANGUAGE_STANDARD = gnu11;
				GCC_DYNAMIC_NO_PIC = NO;
				GCC_NO_COMMON_BLOCKS = YES;
				GCC_OPTIMIZATION_LEVEL = 0;
				GCC_PREPROCESSOR_DEFINITIONS = (
					"DEBUG=1",
					"$(inherited)",
				);
				GCC_WARN_64_TO_32_BIT_CONVERSION = YES;
				GCC_WARN_ABOUT_RETURN_TYPE = YES_ERROR;
				GCC_WARN_UNDECLARED_SELECTOR = YES;
				GCC_WARN_UNINITIALIZED_AUTOS = YES_AGGRESSIVE;
				GCC_WARN_UNUSED_FUNCTION = YES;
				GCC_WARN_UNUSED_VARIABLE = YES;
				IPHONEOS_DEPLOYMENT_TARGET = 14.3;
				MTL_ENABLE_DEBUG_INFO = INCLUDE_SOURCE;
				MTL_FAST_MATH = YES;
				ONLY_ACTIVE_ARCH = YES;
				SDKROOT = iphoneos;
				SWIFT_ACTIVE_COMPILATION_CONDITIONS = DEBUG;
				SWIFT_OPTIMIZATION_LEVEL = "-Onone";
			};
			name = Debug;
		};
		1C18749425D473850073D9D9 /* Release */ = {
			isa = XCBuildConfiguration;
			buildSettings = {
				ALWAYS_SEARCH_USER_PATHS = NO;
				CLANG_ANALYZER_NONNULL = YES;
				CLANG_ANALYZER_NUMBER_OBJECT_CONVERSION = YES_AGGRESSIVE;
				CLANG_CXX_LANGUAGE_STANDARD = "gnu++14";
				CLANG_CXX_LIBRARY = "libc++";
				CLANG_ENABLE_MODULES = YES;
				CLANG_ENABLE_OBJC_ARC = YES;
				CLANG_ENABLE_OBJC_WEAK = YES;
				CLANG_WARN_BLOCK_CAPTURE_AUTORELEASING = YES;
				CLANG_WARN_BOOL_CONVERSION = YES;
				CLANG_WARN_COMMA = YES;
				CLANG_WARN_CONSTANT_CONVERSION = YES;
				CLANG_WARN_DEPRECATED_OBJC_IMPLEMENTATIONS = YES;
				CLANG_WARN_DIRECT_OBJC_ISA_USAGE = YES_ERROR;
				CLANG_WARN_DOCUMENTATION_COMMENTS = YES;
				CLANG_WARN_EMPTY_BODY = YES;
				CLANG_WARN_ENUM_CONVERSION = YES;
				CLANG_WARN_INFINITE_RECURSION = YES;
				CLANG_WARN_INT_CONVERSION = YES;
				CLANG_WARN_NON_LITERAL_NULL_CONVERSION = YES;
				CLANG_WARN_OBJC_IMPLICIT_RETAIN_SELF = YES;
				CLANG_WARN_OBJC_LITERAL_CONVERSION = YES;
				CLANG_WARN_OBJC_ROOT_CLASS = YES_ERROR;
				CLANG_WARN_QUOTED_INCLUDE_IN_FRAMEWORK_HEADER = YES;
				CLANG_WARN_RANGE_LOOP_ANALYSIS = YES;
				CLANG_WARN_STRICT_PROTOTYPES = YES;
				CLANG_WARN_SUSPICIOUS_MOVE = YES;
				CLANG_WARN_UNGUARDED_AVAILABILITY = YES_AGGRESSIVE;
				CLANG_WARN_UNREACHABLE_CODE = YES;
				CLANG_WARN__DUPLICATE_METHOD_MATCH = YES;
				COPY_PHASE_STRIP = NO;
				DEBUG_INFORMATION_FORMAT = "dwarf-with-dsym";
				ENABLE_NS_ASSERTIONS = NO;
				ENABLE_STRICT_OBJC_MSGSEND = YES;
				GCC_C_LANGUAGE_STANDARD = gnu11;
				GCC_NO_COMMON_BLOCKS = YES;
				GCC_WARN_64_TO_32_BIT_CONVERSION = YES;
				GCC_WARN_ABOUT_RETURN_TYPE = YES_ERROR;
				GCC_WARN_UNDECLARED_SELECTOR = YES;
				GCC_WARN_UNINITIALIZED_AUTOS = YES_AGGRESSIVE;
				GCC_WARN_UNUSED_FUNCTION = YES;
				GCC_WARN_UNUSED_VARIABLE = YES;
				IPHONEOS_DEPLOYMENT_TARGET = 14.3;
				MTL_ENABLE_DEBUG_INFO = NO;
				MTL_FAST_MATH = YES;
				SDKROOT = iphoneos;
				SWIFT_COMPILATION_MODE = wholemodule;
				SWIFT_OPTIMIZATION_LEVEL = "-O";
				VALIDATE_PRODUCT = YES;
			};
			name = Release;
		};
		1C18749625D473850073D9D9 /* Debug */ = {
			isa = XCBuildConfiguration;
			buildSettings = {
				ASSETCATALOG_COMPILER_APPICON_NAME = AppIcon;
				ASSETCATALOG_COMPILER_GLOBAL_ACCENT_COLOR_NAME = AccentColor;
				CODE_SIGN_STYLE = Automatic;
				INFOPLIST_FILE = PersonalityQuiz/Info.plist;
				LD_RUNPATH_SEARCH_PATHS = (
					"$(inherited)",
					"@executable_path/Frameworks",
				);
				PRODUCT_BUNDLE_IDENTIFIER = com.Sawwaty.PersonalityQuiz;
				PRODUCT_NAME = "$(TARGET_NAME)";
				SWIFT_VERSION = 5.0;
				TARGETED_DEVICE_FAMILY = 1;
			};
			name = Debug;
		};
		1C18749725D473850073D9D9 /* Release */ = {
			isa = XCBuildConfiguration;
			buildSettings = {
				ASSETCATALOG_COMPILER_APPICON_NAME = AppIcon;
				ASSETCATALOG_COMPILER_GLOBAL_ACCENT_COLOR_NAME = AccentColor;
				CODE_SIGN_STYLE = Automatic;
				INFOPLIST_FILE = PersonalityQuiz/Info.plist;
				LD_RUNPATH_SEARCH_PATHS = (
					"$(inherited)",
					"@executable_path/Frameworks",
				);
				PRODUCT_BUNDLE_IDENTIFIER = com.Sawwaty.PersonalityQuiz;
				PRODUCT_NAME = "$(TARGET_NAME)";
				SWIFT_VERSION = 5.0;
				TARGETED_DEVICE_FAMILY = 1;
			};
			name = Release;
		};
/* End XCBuildConfiguration section */

/* Begin XCConfigurationList section */
		1C18747C25D473840073D9D9 /* Build configuration list for PBXProject "PersonalityQuiz" */ = {
			isa = XCConfigurationList;
			buildConfigurations = (
				1C18749325D473850073D9D9 /* Debug */,
				1C18749425D473850073D9D9 /* Release */,
			);
			defaultConfigurationIsVisible = 0;
			defaultConfigurationName = Release;
		};
		1C18749525D473850073D9D9 /* Build configuration list for PBXNativeTarget "PersonalityQuiz" */ = {
			isa = XCConfigurationList;
			buildConfigurations = (
				1C18749625D473850073D9D9 /* Debug */,
				1C18749725D473850073D9D9 /* Release */,
			);
			defaultConfigurationIsVisible = 0;
			defaultConfigurationName = Release;
		};
/* End XCConfigurationList section */
	};
	rootObject = 1C18747925D473840073D9D9 /* Project object */;
}
